
Microsoft Visual Studio Solution File, Format Version 12.00
# Visual Studio Version 16
VisualStudioVersion = 16.0.32413.511
MinimumVisualStudioVersion = 10.0.40219.1
Project("{FAE04EC0-301F-11D3-BF4B-00C04F79EFBC}") = "BasicCalculator", "BasicCalculator.csproj", "{B02CFE2D-0542-4DEF-9354-D3852441AD31}"
EndProject
Global
	GlobalSection(SolutionConfigurationPlatforms) = preSolution
		Debug|Any CPU = Debug|Any CPU
		Release|Any CPU = Release|Any CPU
	EndGlobalSection
	GlobalSection(ProjectConfigurationPlatforms) = postSolution
		{B02CFE2D-0542-4DEF-9354-D3852441AD31}.Debug|Any CPU.ActiveCfg = Debug|Any CPU
		{B02CFE2D-0542-4DEF-9354-D3852441AD31}.Debug|Any CPU.Build.0 = Debug|Any CPU
		{B02CFE2D-0542-4DEF-9354-D3852441AD31}.Release|Any CPU.ActiveCfg = Release|Any CPU
		{B02CFE2D-0542-4DEF-9354-D3852441AD31}.Release|Any CPU.Build.0 = Release|Any CPU
	EndGlobalSection
	GlobalSection(SolutionProperties) = preSolution
		HideSolutionNode = FALSE
	EndGlobalSection
	GlobalSection(ExtensibilityGlobals) = postSolution
		SolutionGuid = {80D77C1B-94ED-4FB1-969E-406A089F4150}
	EndGlobalSection
EndGlobal
